
Microsoft Visual Studio Solution File, Format Version 12.00
# Visual Studio Version 17
VisualStudioVersion = 17.11.35303.130
MinimumVisualStudioVersion = 10.0.40219.1
Project("{8BC9CEB8-8B4A-11D0-8D11-00A0C91BC942}") = "Binary_file", "Binary_file.vcxproj", "{1E3078EE-5092-4186-ABEB-EB82771923EF}"
EndProject
Global
	GlobalSection(SolutionConfigurationPlatforms) = preSolution
		Debug|x64 = Debug|x64
		Debug|x86 = Debug|x86
		Release|x64 = Release|x64
		Release|x86 = Release|x86
	EndGlobalSection
	GlobalSection(ProjectConfigurationPlatforms) = postSolution
		{1E3078EE-5092-4186-ABEB-EB82771923EF}.Debug|x64.ActiveCfg = Debug|x64
		{1E3078EE-5092-4186-ABEB-EB82771923EF}.Debug|x64.Build.0 = Debug|x64
		{1E3078EE-5092-4186-ABEB-EB82771923EF}.Debug|x86.ActiveCfg = Debug|Win32
		{1E3078EE-5092-4186-ABEB-EB82771923EF}.Debug|x86.Build.0 = Debug|Win32
		{1E3078EE-5092-4186-ABEB-EB82771923EF}.Release|x64.ActiveCfg = Release|x64
		{1E3078EE-5092-4186-ABEB-EB82771923EF}.Release|x64.Build.0 = Release|x64
		{1E3078EE-5092-4186-ABEB-EB82771923EF}.Release|x86.ActiveCfg = Release|Win32
		{1E3078EE-5092-4186-ABEB-EB82771923EF}.Release|x86.Build.0 = Release|Win32
	EndGlobalSection
	GlobalSection(SolutionProperties) = preSolution
		HideSolutionNode = FALSE
	EndGlobalSection
	GlobalSection(ExtensibilityGlobals) = postSolution
		SolutionGuid = {C2C07B40-7038-44FC-A27E-5FBE5EA71F6A}
	EndGlobalSection
EndGlobal
